// !$*UTF8*$!
{
	archiveVersion = 1;
	classes = {
	};
	objectVersion = 46;
	objects = {

/* Begin PBXBuildFile section */
		2336E62B148EE177006F9AD9 /* README.md in Resources */ = {isa = PBXBuildFile; fileRef = 2336E62A148EE177006F9AD9 /* README.md */; };
		23495D1D148ECCCF003E3691 /* UIKit.framework in Frameworks */ = {isa = PBXBuildFile; fileRef = 23495D1C148ECCCF003E3691 /* UIKit.framework */; };
		23495D1F148ECCCF003E3691 /* Foundation.framework in Frameworks */ = {isa = PBXBuildFile; fileRef = 23495D1E148ECCCF003E3691 /* Foundation.framework */; };
		23495D21148ECCCF003E3691 /* CoreGraphics.framework in Frameworks */ = {isa = PBXBuildFile; fileRef = 23495D20148ECCCF003E3691 /* CoreGraphics.framework */; };
		23495D27148ECCD0003E3691 /* InfoPlist.strings in Resources */ = {isa = PBXBuildFile; fileRef = 23495D25148ECCD0003E3691 /* InfoPlist.strings */; };
		23495D29148ECCD0003E3691 /* main.m in Sources */ = {isa = PBXBuildFile; fileRef = 23495D28148ECCD0003E3691 /* main.m */; };
		23495D2D148ECCD0003E3691 /* ZSAppDelegate.m in Sources */ = {isa = PBXBuildFile; fileRef = 23495D2C148ECCD0003E3691 /* ZSAppDelegate.m */; };
		23495D30148ECCD0003E3691 /* ZSViewController.m in Sources */ = {isa = PBXBuildFile; fileRef = 23495D2F148ECCD0003E3691 /* ZSViewController.m */; };
		23495D33148ECCD1003E3691 /* ZSViewController.xib in Resources */ = {isa = PBXBuildFile; fileRef = 23495D31148ECCD1003E3691 /* ZSViewController.xib */; };
		23495D3C148ECCFE003E3691 /* ZSPinAnnotation.m in Sources */ = {isa = PBXBuildFile; fileRef = 23495D3B148ECCFE003E3691 /* ZSPinAnnotation.m */; };
		23495D44148ECD12003E3691 /* color.png in Resources */ = {isa = PBXBuildFile; fileRef = 23495D3E148ECD12003E3691 /* color.png */; };
		23495D45148ECD12003E3691 /* color@2x.png in Resources */ = {isa = PBXBuildFile; fileRef = 23495D3F148ECD12003E3691 /* color@2x.png */; };
		23495D46148ECD12003E3691 /* shading.png in Resources */ = {isa = PBXBuildFile; fileRef = 23495D40148ECD12003E3691 /* shading.png */; };
		23495D47148ECD12003E3691 /* shading@2x.png in Resources */ = {isa = PBXBuildFile; fileRef = 23495D41148ECD12003E3691 /* shading@2x.png */; };
		23495D48148ECD12003E3691 /* stick.png in Resources */ = {isa = PBXBuildFile; fileRef = 23495D42148ECD12003E3691 /* stick.png */; };
		23495D49148ECD12003E3691 /* stick@2x.png in Resources */ = {isa = PBXBuildFile; fileRef = 23495D43148ECD12003E3691 /* stick@2x.png */; };
		23495D4B148ECD39003E3691 /* QuartzCore.framework in Frameworks */ = {isa = PBXBuildFile; fileRef = 23495D4A148ECD39003E3691 /* QuartzCore.framework */; };
		23495D4D148ECD3F003E3691 /* MapKit.framework in Frameworks */ = {isa = PBXBuildFile; fileRef = 23495D4C148ECD3F003E3691 /* MapKit.framework */; };
		23495D55148ECE4A003E3691 /* Annotation.m in Sources */ = {isa = PBXBuildFile; fileRef = 23495D54148ECE4A003E3691 /* Annotation.m */; };
		23495D5B148ED052003E3691 /* CoreLocation.framework in Frameworks */ = {isa = PBXBuildFile; fileRef = 23495D5A148ED052003E3691 /* CoreLocation.framework */; };
/* End PBXBuildFile section */

/* Begin PBXFileReference section */
		2336E62A148EE177006F9AD9 /* README.md */ = {isa = PBXFileReference; fileEncoding = 4; lastKnownFileType = text; path = README.md; sourceTree = "<group>"; };
		23495D18148ECCCF003E3691 /* ZSPinAnnotation.app */ = {isa = PBXFileReference; explicitFileType = wrapper.application; includeInIndex = 0; path = ZSPinAnnotation.app; sourceTree = BUILT_PRODUCTS_DIR; };
		23495D1C148ECCCF003E3691 /* UIKit.framework */ = {isa = PBXFileReference; lastKnownFileType = wrapper.framework; name = UIKit.framework; path = System/Library/Frameworks/UIKit.framework; sourceTree = SDKROOT; };
		23495D1E148ECCCF003E3691 /* Foundation.framework */ = {isa = PBXFileReference; lastKnownFileType = wrapper.framework; name = Foundation.framework; path = System/Library/Frameworks/Foundation.framework; sourceTree = SDKROOT; };
		23495D20148ECCCF003E3691 /* CoreGraphics.framework */ = {isa = PBXFileReference; lastKnownFileType = wrapper.framework; name = CoreGraphics.framework; path = System/Library/Frameworks/CoreGraphics.framework; sourceTree = SDKROOT; };
		23495D24148ECCCF003E3691 /* ZSPinAnnotation-Info.plist */ = {isa = PBXFileReference; lastKnownFileType = text.plist.xml; path = "ZSPinAnnotation-Info.plist"; sourceTree = "<group>"; };
		23495D26148ECCD0003E3691 /* en */ = {isa = PBXFileReference; lastKnownFileType = text.plist.strings; name = en; path = en.lproj/InfoPlist.strings; sourceTree = "<group>"; };
		23495D28148ECCD0003E3691 /* main.m */ = {isa = PBXFileReference; lastKnownFileType = sourcecode.c.objc; path = main.m; sourceTree = "<group>"; };
		23495D2A148ECCD0003E3691 /* ZSPinAnnotation-Prefix.pch */ = {isa = PBXFileReference; lastKnownFileType = sourcecode.c.h; path = "ZSPinAnnotation-Prefix.pch"; sourceTree = "<group>"; };
		23495D2B148ECCD0003E3691 /* ZSAppDelegate.h */ = {isa = PBXFileReference; lastKnownFileType = sourcecode.c.h; path = ZSAppDelegate.h; sourceTree = "<group>"; };
		23495D2C148ECCD0003E3691 /* ZSAppDelegate.m */ = {isa = PBXFileReference; lastKnownFileType = sourcecode.c.objc; path = ZSAppDelegate.m; sourceTree = "<group>"; };
		23495D2E148ECCD0003E3691 /* ZSViewController.h */ = {isa = PBXFileReference; lastKnownFileType = sourcecode.c.h; path = ZSViewController.h; sourceTree = "<group>"; };
		23495D2F148ECCD0003E3691 /* ZSViewController.m */ = {isa = PBXFileReference; lastKnownFileType = sourcecode.c.objc; path = ZSViewController.m; sourceTree = "<group>"; };
		23495D32148ECCD1003E3691 /* en */ = {isa = PBXFileReference; lastKnownFileType = file.xib; name = en; path = en.lproj/ZSViewController.xib; sourceTree = "<group>"; };
		23495D3A148ECCFE003E3691 /* ZSPinAnnotation.h */ = {isa = PBXFileReference; fileEncoding = 4; lastKnownFileType = sourcecode.c.h; path = ZSPinAnnotation.h; sourceTree = "<group>"; };
		23495D3B148ECCFE003E3691 /* ZSPinAnnotation.m */ = {isa = PBXFileReference; fileEncoding = 4; lastKnownFileType = sourcecode.c.objc; path = ZSPinAnnotation.m; sourceTree = "<group>"; };
		23495D3E148ECD12003E3691 /* color.png */ = {isa = PBXFileReference; lastKnownFileType = image.png; path = color.png; sourceTree = "<group>"; };
		23495D3F148ECD12003E3691 /* color@2x.png */ = {isa = PBXFileReference; lastKnownFileType = image.png; path = "color@2x.png"; sourceTree = "<group>"; };
		23495D40148ECD12003E3691 /* shading.png */ = {isa = PBXFileReference; lastKnownFileType = image.png; path = shading.png; sourceTree = "<group>"; };
		23495D41148ECD12003E3691 /* shading@2x.png */ = {isa = PBXFileReference; lastKnownFileType = image.png; path = "shading@2x.png"; sourceTree = "<group>"; };
		23495D42148ECD12003E3691 /* stick.png */ = {isa = PBXFileReference; lastKnownFileType = image.png; path = stick.png; sourceTree = "<group>"; };
		23495D43148ECD12003E3691 /* stick@2x.png */ = {isa = PBXFileReference; lastKnownFileType = image.png; path = "stick@2x.png"; sourceTree = "<group>"; };
		23495D4A148ECD39003E3691 /* QuartzCore.framework */ = {isa = PBXFileReference; lastKnownFileType = wrapper.framework; name = QuartzCore.framework; path = System/Library/Frameworks/QuartzCore.framework; sourceTree = SDKROOT; };
		23495D4C148ECD3F003E3691 /* MapKit.framework */ = {isa = PBXFileReference; lastKnownFileType = wrapper.framework; name = MapKit.framework; path = System/Library/Frameworks/MapKit.framework; sourceTree = SDKROOT; };
		23495D53148ECE4A003E3691 /* Annotation.h */ = {isa = PBXFileReference; fileEncoding = 4; lastKnownFileType = sourcecode.c.h; path = Annotation.h; sourceTree = "<group>"; };
		23495D54148ECE4A003E3691 /* Annotation.m */ = {isa = PBXFileReference; fileEncoding = 4; lastKnownFileType = sourcecode.c.objc; path = Annotation.m; sourceTree = "<group>"; };
		23495D5A148ED052003E3691 /* CoreLocation.framework */ = {isa = PBXFileReference; lastKnownFileType = wrapper.framework; name = CoreLocation.framework; path = System/Library/Frameworks/CoreLocation.framework; sourceTree = SDKROOT; };
/* End PBXFileReference section */

/* Begin PBXFrameworksBuildPhase section */
		23495D15148ECCCF003E3691 /* Frameworks */ = {
			isa = PBXFrameworksBuildPhase;
			buildActionMask = 2147483647;
			files = (
				23495D5B148ED052003E3691 /* CoreLocation.framework in Frameworks */,
				23495D4D148ECD3F003E3691 /* MapKit.framework in Frameworks */,
				23495D4B148ECD39003E3691 /* QuartzCore.framework in Frameworks */,
				23495D1D148ECCCF003E3691 /* UIKit.framework in Frameworks */,
				23495D1F148ECCCF003E3691 /* Foundation.framework in Frameworks */,
				23495D21148ECCCF003E3691 /* CoreGraphics.framework in Frameworks */,
			);
			runOnlyForDeploymentPostprocessing = 0;
		};
/* End PBXFrameworksBuildPhase section */

/* Begin PBXGroup section */
		23495D0D148ECCCF003E3691 = {
			isa = PBXGroup;
			children = (
				2336E62A148EE177006F9AD9 /* README.md */,
				23495D39148ECCE8003E3691 /* ZSPinAnnotation */,
				23495D4E148ECE13003E3691 /* Objects */,
				23495D22148ECCCF003E3691 /* Views */,
				23495D23148ECCCF003E3691 /* Supporting Files */,
				23495D1B148ECCCF003E3691 /* Frameworks */,
				23495D19148ECCCF003E3691 /* Products */,
			);
			sourceTree = "<group>";
		};
		23495D19148ECCCF003E3691 /* Products */ = {
			isa = PBXGroup;
			children = (
				23495D18148ECCCF003E3691 /* ZSPinAnnotation.app */,
			);
			name = Products;
			sourceTree = "<group>";
		};
		23495D1B148ECCCF003E3691 /* Frameworks */ = {
			isa = PBXGroup;
			children = (
				23495D5A148ED052003E3691 /* CoreLocation.framework */,
				23495D4C148ECD3F003E3691 /* MapKit.framework */,
				23495D4A148ECD39003E3691 /* QuartzCore.framework */,
				23495D1C148ECCCF003E3691 /* UIKit.framework */,
				23495D1E148ECCCF003E3691 /* Foundation.framework */,
				23495D20148ECCCF003E3691 /* CoreGraphics.framework */,
			);
			name = Frameworks;
			sourceTree = "<group>";
		};
		23495D22148ECCCF003E3691 /* Views */ = {
			isa = PBXGroup;
			children = (
				23495D2E148ECCD0003E3691 /* ZSViewController.h */,
				23495D2F148ECCD0003E3691 /* ZSViewController.m */,
				23495D31148ECCD1003E3691 /* ZSViewController.xib */,
			);
			name = Views;
			path = ZSPinAnnotation;
			sourceTree = "<group>";
		};
		23495D23148ECCCF003E3691 /* Supporting Files */ = {
			isa = PBXGroup;
			children = (
				23495D2B148ECCD0003E3691 /* ZSAppDelegate.h */,
				23495D2C148ECCD0003E3691 /* ZSAppDelegate.m */,
				23495D24148ECCCF003E3691 /* ZSPinAnnotation-Info.plist */,
				23495D25148ECCD0003E3691 /* InfoPlist.strings */,
				23495D28148ECCD0003E3691 /* main.m */,
				23495D2A148ECCD0003E3691 /* ZSPinAnnotation-Prefix.pch */,
			);
			name = "Supporting Files";
			path = ZSPinAnnotation;
			sourceTree = "<group>";
		};
		23495D39148ECCE8003E3691 /* ZSPinAnnotation */ = {
			isa = PBXGroup;
			children = (
				23495D3D148ECD06003E3691 /* Images */,
				23495D3A148ECCFE003E3691 /* ZSPinAnnotation.h */,
				23495D3B148ECCFE003E3691 /* ZSPinAnnotation.m */,
			);
			name = ZSPinAnnotation;
			sourceTree = "<group>";
		};
		23495D3D148ECD06003E3691 /* Images */ = {
			isa = PBXGroup;
			children = (
				23495D3E148ECD12003E3691 /* color.png */,
				23495D3F148ECD12003E3691 /* color@2x.png */,
				23495D40148ECD12003E3691 /* shading.png */,
				23495D41148ECD12003E3691 /* shading@2x.png */,
				23495D42148ECD12003E3691 /* stick.png */,
				23495D43148ECD12003E3691 /* stick@2x.png */,
			);
			name = Images;
			sourceTree = "<group>";
		};
		23495D4E148ECE13003E3691 /* Objects */ = {
			isa = PBXGroup;
			children = (
				23495D53148ECE4A003E3691 /* Annotation.h */,
				23495D54148ECE4A003E3691 /* Annotation.m */,
			);
			name = Objects;
			sourceTree = "<group>";
		};
/* End PBXGroup section */

/* Begin PBXNativeTarget section */
		23495D17148ECCCF003E3691 /* ZSPinAnnotation */ = {
			isa = PBXNativeTarget;
			buildConfigurationList = 23495D36148ECCD1003E3691 /* Build configuration list for PBXNativeTarget "ZSPinAnnotation" */;
			buildPhases = (
				23495D14148ECCCF003E3691 /* Sources */,
				23495D15148ECCCF003E3691 /* Frameworks */,
				23495D16148ECCCF003E3691 /* Resources */,
			);
			buildRules = (
			);
			dependencies = (
			);
			name = ZSPinAnnotation;
			productName = ZSPinAnnotation;
			productReference = 23495D18148ECCCF003E3691 /* ZSPinAnnotation.app */;
			productType = "com.apple.product-type.application";
		};
/* End PBXNativeTarget section */

/* Begin PBXProject section */
		23495D0F148ECCCF003E3691 /* Project object */ = {
			isa = PBXProject;
			attributes = {
				LastUpgradeCheck = 0420;
				ORGANIZATIONNAME = "Zed Said Studio";
			};
			buildConfigurationList = 23495D12148ECCCF003E3691 /* Build configuration list for PBXProject "ZSPinAnnotation" */;
			compatibilityVersion = "Xcode 3.2";
			developmentRegion = English;
			hasScannedForEncodings = 0;
			knownRegions = (
				en,
			);
			mainGroup = 23495D0D148ECCCF003E3691;
			productRefGroup = 23495D19148ECCCF003E3691 /* Products */;
			projectDirPath = "";
			projectRoot = "";
			targets = (
				23495D17148ECCCF003E3691 /* ZSPinAnnotation */,
			);
		};
/* End PBXProject section */

/* Begin PBXResourcesBuildPhase section */
		23495D16148ECCCF003E3691 /* Resources */ = {
			isa = PBXResourcesBuildPhase;
			buildActionMask = 2147483647;
			files = (
				23495D27148ECCD0003E3691 /* InfoPlist.strings in Resources */,
				23495D33148ECCD1003E3691 /* ZSViewController.xib in Resources */,
				23495D44148ECD12003E3691 /* color.png in Resources */,
				23495D45148ECD12003E3691 /* color@2x.png in Resources */,
				23495D46148ECD12003E3691 /* shading.png in Resources */,
				23495D47148ECD12003E3691 /* shading@2x.png in Resources */,
				23495D48148ECD12003E3691 /* stick.png in Resources */,
				23495D49148ECD12003E3691 /* stick@2x.png in Resources */,
				2336E62B148EE177006F9AD9 /* README.md in Resources */,
			);
			runOnlyForDeploymentPostprocessing = 0;
		};
/* End PBXResourcesBuildPhase section */

/* Begin PBXSourcesBuildPhase section */
		23495D14148ECCCF003E3691 /* Sources */ = {
			isa = PBXSourcesBuildPhase;
			buildActionMask = 2147483647;
			files = (
				23495D29148ECCD0003E3691 /* main.m in Sources */,
				23495D2D148ECCD0003E3691 /* ZSAppDelegate.m in Sources */,
				23495D30148ECCD0003E3691 /* ZSViewController.m in Sources */,
				23495D3C148ECCFE003E3691 /* ZSPinAnnotation.m in Sources */,
				23495D55148ECE4A003E3691 /* Annotation.m in Sources */,
			);
			runOnlyForDeploymentPostprocessing = 0;
		};
/* End PBXSourcesBuildPhase section */

/* Begin PBXVariantGroup section */
		23495D25148ECCD0003E3691 /* InfoPlist.strings */ = {
			isa = PBXVariantGroup;
			children = (
				23495D26148ECCD0003E3691 /* en */,
			);
			name = InfoPlist.strings;
			sourceTree = "<group>";
		};
		23495D31148ECCD1003E3691 /* ZSViewController.xib */ = {
			isa = PBXVariantGroup;
			children = (
				23495D32148ECCD1003E3691 /* en */,
			);
			name = ZSViewController.xib;
			sourceTree = "<group>";
		};
/* End PBXVariantGroup section */

/* Begin XCBuildConfiguration section */
		23495D34148ECCD1003E3691 /* Debug */ = {
			isa = XCBuildConfiguration;
			buildSettings = {
				ALWAYS_SEARCH_USER_PATHS = NO;
				ARCHS = "$(ARCHS_STANDARD_32_BIT)";
				"CODE_SIGN_IDENTITY[sdk=iphoneos*]" = "iPhone Developer";
				COPY_PHASE_STRIP = NO;
				GCC_C_LANGUAGE_STANDARD = gnu99;
				GCC_DYNAMIC_NO_PIC = NO;
				GCC_OPTIMIZATION_LEVEL = 0;
				GCC_PREPROCESSOR_DEFINITIONS = (
					"DEBUG=1",
					"$(inherited)",
				);
				GCC_SYMBOLS_PRIVATE_EXTERN = NO;
				GCC_VERSION = com.apple.compilers.llvm.clang.1_0;
				GCC_WARN_ABOUT_MISSING_PROTOTYPES = YES;
				GCC_WARN_ABOUT_RETURN_TYPE = YES;
				GCC_WARN_UNUSED_VARIABLE = YES;
				IPHONEOS_DEPLOYMENT_TARGET = 5.0;
				SDKROOT = iphoneos;
			};
			name = Debug;
		};
		23495D35148ECCD1003E3691 /* Release */ = {
			isa = XCBuildConfiguration;
			buildSettings = {
				ALWAYS_SEARCH_USER_PATHS = NO;
				ARCHS = "$(ARCHS_STANDARD_32_BIT)";
				"CODE_SIGN_IDENTITY[sdk=iphoneos*]" = "iPhone Developer";
				COPY_PHASE_STRIP = YES;
				GCC_C_LANGUAGE_STANDARD = gnu99;
				GCC_VERSION = com.apple.compilers.llvm.clang.1_0;
				GCC_WARN_ABOUT_MISSING_PROTOTYPES = YES;
				GCC_WARN_ABOUT_RETURN_TYPE = YES;
				GCC_WARN_UNUSED_VARIABLE = YES;
				IPHONEOS_DEPLOYMENT_TARGET = 5.0;
				OTHER_CFLAGS = "-DNS_BLOCK_ASSERTIONS=1";
				SDKROOT = iphoneos;
				VALIDATE_PRODUCT = YES;
			};
			name = Release;
		};
		23495D37148ECCD1003E3691 /* Debug */ = {
			isa = XCBuildConfiguration;
			buildSettings = {
				GCC_PRECOMPILE_PREFIX_HEADER = YES;
				GCC_PREFIX_HEADER = "ZSPinAnnotation/ZSPinAnnotation-Prefix.pch";
				INFOPLIST_FILE = "ZSPinAnnotation/ZSPinAnnotation-Info.plist";
				PRODUCT_NAME = "$(TARGET_NAME)";
				WRAPPER_EXTENSION = app;
			};
			name = Debug;
		};
		23495D38148ECCD1003E3691 /* Release */ = {
			isa = XCBuildConfiguration;
			buildSettings = {
				GCC_PRECOMPILE_PREFIX_HEADER = YES;
				GCC_PREFIX_HEADER = "ZSPinAnnotation/ZSPinAnnotation-Prefix.pch";
				INFOPLIST_FILE = "ZSPinAnnotation/ZSPinAnnotation-Info.plist";
				PRODUCT_NAME = "$(TARGET_NAME)";
				WRAPPER_EXTENSION = app;
			};
			name = Release;
		};
/* End XCBuildConfiguration section */

/* Begin XCConfigurationList section */
		23495D12148ECCCF003E3691 /* Build configuration list for PBXProject "ZSPinAnnotation" */ = {
			isa = XCConfigurationList;
			buildConfigurations = (
				23495D34148ECCD1003E3691 /* Debug */,
				23495D35148ECCD1003E3691 /* Release */,
			);
			defaultConfigurationIsVisible = 0;
			defaultConfigurationName = Release;
		};
		23495D36148ECCD1003E3691 /* Build configuration list for PBXNativeTarget "ZSPinAnnotation" */ = {
			isa = XCConfigurationList;
			buildConfigurations = (
				23495D37148ECCD1003E3691 /* Debug */,
				23495D38148ECCD1003E3691 /* Release */,
			);
			defaultConfigurationIsVisible = 0;
			defaultConfigurationName = Release;
		};
/* End XCConfigurationList section */
	};
	rootObject = 23495D0F148ECCCF003E3691 /* Project object */;
}
